
Microsoft Visual Studio Solution File, Format Version 12.00
# Visual Studio Version 17
VisualStudioVersion = 17.9.34607.119
MinimumVisualStudioVersion = 10.0.40219.1
Project("{FAE04EC0-301F-11D3-BF4B-00C04F79EFBC}") = "CellularAutomaton.Core", "CellularAutomaton.Core\CellularAutomaton.Core.csproj", "{66C46EC8-03D7-48AD-ACE1-10CBA2E6F56B}"
EndProject
Project("{2150E333-8FDC-42A3-9474-1A3956D46DE8}") = "libraries", "libraries", "{BEDEE887-6601-434D-A73E-FF8B16D37D2F}"
EndProject
Project("{2150E333-8FDC-42A3-9474-1A3956D46DE8}") = "src", "src", "{826700E3-099F-48B7-8601-03E00AAD82B8}"
EndProject
Project("{2150E333-8FDC-42A3-9474-1A3956D46DE8}") = "Guppy", "Guppy", "{A8333571-CF9F-4D31-AB7D-393F120F5062}"
EndProject
Project("{9A19103F-16F7-4668-BE54-9A1E7A4F7556}") = "Guppy.Common", "..\libraries\Guppy\src\Guppy.Common\Guppy.Common.csproj", "{3977240F-94B5-44A2-BAAC-3D921ACBEAF7}"
EndProject
Project("{9A19103F-16F7-4668-BE54-9A1E7A4F7556}") = "Guppy.StateMachine", "..\libraries\Guppy\src\Guppy.StateMachine\Guppy.StateMachine.csproj", "{8E3FA6A0-6D9B-4FCF-9B4B-8B8DFD4C18A5}"
EndProject
Project("{9A19103F-16F7-4668-BE54-9A1E7A4F7556}") = "Guppy", "..\libraries\Guppy\src\Guppy\Guppy.csproj", "{60C4E641-A5D4-4135-892C-6B88493596FD}"
EndProject
Project("{9A19103F-16F7-4668-BE54-9A1E7A4F7556}") = "Guppy.Commands", "..\libraries\Guppy\src\Guppy.Commands\Guppy.Commands.csproj", "{DF6F3B61-C7B6-481E-8C87-73D690FE5686}"
EndProject
Project("{9A19103F-16F7-4668-BE54-9A1E7A4F7556}") = "Guppy.Files", "..\libraries\Guppy\src\Guppy.Files\Guppy.Files.csproj", "{C3DBD393-19DE-4DEA-86AF-E5A24FA5FF4C}"
EndProject
Project("{9A19103F-16F7-4668-BE54-9A1E7A4F7556}") = "Guppy.Game", "..\libraries\Guppy\src\Guppy.Game\Guppy.Game.csproj", "{03A7C6C3-B51F-4F13-9B06-A7C8123A5C22}"
EndProject
Project("{9A19103F-16F7-4668-BE54-9A1E7A4F7556}") = "Guppy.Game.Common", "..\libraries\Guppy\src\Guppy.Game.Common\Guppy.Game.Common.csproj", "{73F2938B-3E90-46F3-8806-3C963115BA3A}"
EndProject
Project("{9A19103F-16F7-4668-BE54-9A1E7A4F7556}") = "Guppy.Game.ImGui", "..\libraries\Guppy\src\Guppy.Game.ImGui\Guppy.Game.ImGui.csproj", "{D946F601-4543-4DD7-9E99-FF7F9490653B}"
EndProject
Project("{9A19103F-16F7-4668-BE54-9A1E7A4F7556}") = "Guppy.Game.ImGui.ImGuiNETSourceGenerator", "..\libraries\Guppy\src\Guppy.Game.ImGui.ImGuiNETSourceGenerator\Guppy.Game.ImGui.ImGuiNETSourceGenerator.csproj", "{4E4C0BF7-7082-4DEB-A099-3117564A6F0E}"
EndProject
Project("{9A19103F-16F7-4668-BE54-9A1E7A4F7556}") = "Guppy.Game.Input", "..\libraries\Guppy\src\Guppy.Game.Input\Guppy.Game.Input.csproj", "{13DDD5F1-FC1A-4638-956A-CEA1FEA6DC70}"
EndProject
Project("{9A19103F-16F7-4668-BE54-9A1E7A4F7556}") = "Guppy.Game.MonoGame", "..\libraries\Guppy\src\Guppy.Game.MonoGame\Guppy.Game.MonoGame.csproj", "{55A2B0B4-EC88-44E7-91EC-1C727E42BD86}"
EndProject
Project("{9A19103F-16F7-4668-BE54-9A1E7A4F7556}") = "Guppy.Resources", "..\libraries\Guppy\src\Guppy.Resources\Guppy.Resources.csproj", "{5FD6C53E-3383-43E9-A785-83D08680C47E}"
EndProject
Project("{2150E333-8FDC-42A3-9474-1A3956D46DE8}") = "libraries", "libraries", "{93666DC7-EFDB-488E-929E-071BE22A1CE0}"
EndProject
Project("{2150E333-8FDC-42A3-9474-1A3956D46DE8}") = "MonoGame", "MonoGame", "{EA268510-6096-44A8-A6CD-3A39473242CC}"
EndProject
Project("{9A19103F-16F7-4668-BE54-9A1E7A4F7556}") = "MonoGame.Framework.DesktopGL", "..\libraries\Guppy\libraries\MonoGame\MonoGame.Framework\MonoGame.Framework.DesktopGL.csproj", "{0EEF5649-F531-4C9C-B352-82CD8FC5EB8A}"
EndProject
Project("{2150E333-8FDC-42A3-9474-1A3956D46DE8}") = "ImGui.NET", "ImGui.NET", "{C20DAE42-A2BD-491A-BBD9-D603402EFCEA}"
EndProject
Project("{9A19103F-16F7-4668-BE54-9A1E7A4F7556}") = "ImGui.NET", "..\libraries\Guppy\libraries\ImGui.NET\src\ImGui.NET\ImGui.NET.csproj", "{AE85ED01-31DB-4D02-9236-D953084FEAA7}"
EndProject
Project("{9A19103F-16F7-4668-BE54-9A1E7A4F7556}") = "Guppy.Messaging", "..\libraries\Guppy\src\Guppy.Messaging\Guppy.Messaging.csproj", "{40AF77F2-470A-4E99-9ADC-B3F242315F20}"
EndProject
Project("{FAE04EC0-301F-11D3-BF4B-00C04F79EFBC}") = "CellularAutomaton.FallingSand", "CellularAutomaton.FallingSand\CellularAutomaton.FallingSand.csproj", "{8B055F5B-9A00-4BAA-A32E-C97E8808838F}"
EndProject
Global
	GlobalSection(SolutionConfigurationPlatforms) = preSolution
		Debug|Any CPU = Debug|Any CPU
		Debug|x64 = Debug|x64
		Release|Any CPU = Release|Any CPU
		Release|x64 = Release|x64
	EndGlobalSection
	GlobalSection(ProjectConfigurationPlatforms) = postSolution
		{66C46EC8-03D7-48AD-ACE1-10CBA2E6F56B}.Debug|Any CPU.ActiveCfg = Debug|Any CPU
		{66C46EC8-03D7-48AD-ACE1-10CBA2E6F56B}.Debug|Any CPU.Build.0 = Debug|Any CPU
		{66C46EC8-03D7-48AD-ACE1-10CBA2E6F56B}.Debug|x64.ActiveCfg = Debug|Any CPU
		{66C46EC8-03D7-48AD-ACE1-10CBA2E6F56B}.Debug|x64.Build.0 = Debug|Any CPU
		{66C46EC8-03D7-48AD-ACE1-10CBA2E6F56B}.Release|Any CPU.ActiveCfg = Release|Any CPU
		{66C46EC8-03D7-48AD-ACE1-10CBA2E6F56B}.Release|Any CPU.Build.0 = Release|Any CPU
		{66C46EC8-03D7-48AD-ACE1-10CBA2E6F56B}.Release|x64.ActiveCfg = Release|Any CPU
		{66C46EC8-03D7-48AD-ACE1-10CBA2E6F56B}.Release|x64.Build.0 = Release|Any CPU
		{3977240F-94B5-44A2-BAAC-3D921ACBEAF7}.Debug|Any CPU.ActiveCfg = Debug|Any CPU
		{3977240F-94B5-44A2-BAAC-3D921ACBEAF7}.Debug|Any CPU.Build.0 = Debug|Any CPU
		{3977240F-94B5-44A2-BAAC-3D921ACBEAF7}.Debug|x64.ActiveCfg = Debug|x64
		{3977240F-94B5-44A2-BAAC-3D921ACBEAF7}.Debug|x64.Build.0 = Debug|x64
		{3977240F-94B5-44A2-BAAC-3D921ACBEAF7}.Release|Any CPU.ActiveCfg = Release|Any CPU
		{3977240F-94B5-44A2-BAAC-3D921ACBEAF7}.Release|Any CPU.Build.0 = Release|Any CPU
		{3977240F-94B5-44A2-BAAC-3D921ACBEAF7}.Release|x64.ActiveCfg = Release|x64
		{3977240F-94B5-44A2-BAAC-3D921ACBEAF7}.Release|x64.Build.0 = Release|x64
		{8E3FA6A0-6D9B-4FCF-9B4B-8B8DFD4C18A5}.Debug|Any CPU.ActiveCfg = Debug|Any CPU
		{8E3FA6A0-6D9B-4FCF-9B4B-8B8DFD4C18A5}.Debug|Any CPU.Build.0 = Debug|Any CPU
		{8E3FA6A0-6D9B-4FCF-9B4B-8B8DFD4C18A5}.Debug|x64.ActiveCfg = Debug|Any CPU
		{8E3FA6A0-6D9B-4FCF-9B4B-8B8DFD4C18A5}.Debug|x64.Build.0 = Debug|Any CPU
		{8E3FA6A0-6D9B-4FCF-9B4B-8B8DFD4C18A5}.Release|Any CPU.ActiveCfg = Release|Any CPU
		{8E3FA6A0-6D9B-4FCF-9B4B-8B8DFD4C18A5}.Release|Any CPU.Build.0 = Release|Any CPU
		{8E3FA6A0-6D9B-4FCF-9B4B-8B8DFD4C18A5}.Release|x64.ActiveCfg = Release|Any CPU
		{8E3FA6A0-6D9B-4FCF-9B4B-8B8DFD4C18A5}.Release|x64.Build.0 = Release|Any CPU
		{60C4E641-A5D4-4135-892C-6B88493596FD}.Debug|Any CPU.ActiveCfg = Debug|Any CPU
		{60C4E641-A5D4-4135-892C-6B88493596FD}.Debug|Any CPU.Build.0 = Debug|Any CPU
		{60C4E641-A5D4-4135-892C-6B88493596FD}.Debug|x64.ActiveCfg = Debug|x64
		{60C4E641-A5D4-4135-892C-6B88493596FD}.Debug|x64.Build.0 = Debug|x64
		{60C4E641-A5D4-4135-892C-6B88493596FD}.Release|Any CPU.ActiveCfg = Release|Any CPU
		{60C4E641-A5D4-4135-892C-6B88493596FD}.Release|Any CPU.Build.0 = Release|Any CPU
		{60C4E641-A5D4-4135-892C-6B88493596FD}.Release|x64.ActiveCfg = Release|x64
		{60C4E641-A5D4-4135-892C-6B88493596FD}.Release|x64.Build.0 = Release|x64
		{DF6F3B61-C7B6-481E-8C87-73D690FE5686}.Debug|Any CPU.ActiveCfg = Debug|Any CPU
		{DF6F3B61-C7B6-481E-8C87-73D690FE5686}.Debug|Any CPU.Build.0 = Debug|Any CPU
		{DF6F3B61-C7B6-481E-8C87-73D690FE5686}.Debug|x64.ActiveCfg = Debug|Any CPU
		{DF6F3B61-C7B6-481E-8C87-73D690FE5686}.Debug|x64.Build.0 = Debug|Any CPU
		{DF6F3B61-C7B6-481E-8C87-73D690FE5686}.Release|Any CPU.ActiveCfg = Release|Any CPU
		{DF6F3B61-C7B6-481E-8C87-73D690FE5686}.Release|Any CPU.Build.0 = Release|Any CPU
		{DF6F3B61-C7B6-481E-8C87-73D690FE5686}.Release|x64.ActiveCfg = Release|Any CPU
		{DF6F3B61-C7B6-481E-8C87-73D690FE5686}.Release|x64.Build.0 = Release|Any CPU
		{C3DBD393-19DE-4DEA-86AF-E5A24FA5FF4C}.Debug|Any CPU.ActiveCfg = Debug|Any CPU
		{C3DBD393-19DE-4DEA-86AF-E5A24FA5FF4C}.Debug|Any CPU.Build.0 = Debug|Any CPU
		{C3DBD393-19DE-4DEA-86AF-E5A24FA5FF4C}.Debug|x64.ActiveCfg = Debug|Any CPU
		{C3DBD393-19DE-4DEA-86AF-E5A24FA5FF4C}.Debug|x64.Build.0 = Debug|Any CPU
		{C3DBD393-19DE-4DEA-86AF-E5A24FA5FF4C}.Release|Any CPU.ActiveCfg = Release|Any CPU
		{C3DBD393-19DE-4DEA-86AF-E5A24FA5FF4C}.Release|Any CPU.Build.0 = Release|Any CPU
		{C3DBD393-19DE-4DEA-86AF-E5A24FA5FF4C}.Release|x64.ActiveCfg = Release|Any CPU
		{C3DBD393-19DE-4DEA-86AF-E5A24FA5FF4C}.Release|x64.Build.0 = Release|Any CPU
		{03A7C6C3-B51F-4F13-9B06-A7C8123A5C22}.Debug|Any CPU.ActiveCfg = Debug|Any CPU
		{03A7C6C3-B51F-4F13-9B06-A7C8123A5C22}.Debug|Any CPU.Build.0 = Debug|Any CPU
		{03A7C6C3-B51F-4F13-9B06-A7C8123A5C22}.Debug|x64.ActiveCfg = Debug|Any CPU
		{03A7C6C3-B51F-4F13-9B06-A7C8123A5C22}.Debug|x64.Build.0 = Debug|Any CPU
		{03A7C6C3-B51F-4F13-9B06-A7C8123A5C22}.Release|Any CPU.ActiveCfg = Release|Any CPU
		{03A7C6C3-B51F-4F13-9B06-A7C8123A5C22}.Release|Any CPU.Build.0 = Release|Any CPU
		{03A7C6C3-B51F-4F13-9B06-A7C8123A5C22}.Release|x64.ActiveCfg = Release|Any CPU
		{03A7C6C3-B51F-4F13-9B06-A7C8123A5C22}.Release|x64.Build.0 = Release|Any CPU
		{73F2938B-3E90-46F3-8806-3C963115BA3A}.Debug|Any CPU.ActiveCfg = Debug|Any CPU
		{73F2938B-3E90-46F3-8806-3C963115BA3A}.Debug|Any CPU.Build.0 = Debug|Any CPU
		{73F2938B-3E90-46F3-8806-3C963115BA3A}.Debug|x64.ActiveCfg = Debug|Any CPU
		{73F2938B-3E90-46F3-8806-3C963115BA3A}.Debug|x64.Build.0 = Debug|Any CPU
		{73F2938B-3E90-46F3-8806-3C963115BA3A}.Release|Any CPU.ActiveCfg = Release|Any CPU
		{73F2938B-3E90-46F3-8806-3C963115BA3A}.Release|Any CPU.Build.0 = Release|Any CPU
		{73F2938B-3E90-46F3-8806-3C963115BA3A}.Release|x64.ActiveCfg = Release|Any CPU
		{73F2938B-3E90-46F3-8806-3C963115BA3A}.Release|x64.Build.0 = Release|Any CPU
		{D946F601-4543-4DD7-9E99-FF7F9490653B}.Debug|Any CPU.ActiveCfg = Debug|Any CPU
		{D946F601-4543-4DD7-9E99-FF7F9490653B}.Debug|Any CPU.Build.0 = Debug|Any CPU
		{D946F601-4543-4DD7-9E99-FF7F9490653B}.Debug|x64.ActiveCfg = Debug|Any CPU
		{D946F601-4543-4DD7-9E99-FF7F9490653B}.Debug|x64.Build.0 = Debug|Any CPU
		{D946F601-4543-4DD7-9E99-FF7F9490653B}.Release|Any CPU.ActiveCfg = Release|Any CPU
		{D946F601-4543-4DD7-9E99-FF7F9490653B}.Release|Any CPU.Build.0 = Release|Any CPU
		{D946F601-4543-4DD7-9E99-FF7F9490653B}.Release|x64.ActiveCfg = Release|Any CPU
		{D946F601-4543-4DD7-9E99-FF7F9490653B}.Release|x64.Build.0 = Release|Any CPU
		{4E4C0BF7-7082-4DEB-A099-3117564A6F0E}.Debug|Any CPU.ActiveCfg = Debug|Any CPU
		{4E4C0BF7-7082-4DEB-A099-3117564A6F0E}.Debug|Any CPU.Build.0 = Debug|Any CPU
		{4E4C0BF7-7082-4DEB-A099-3117564A6F0E}.Debug|x64.ActiveCfg = Debug|Any CPU
		{4E4C0BF7-7082-4DEB-A099-3117564A6F0E}.Debug|x64.Build.0 = Debug|Any CPU
		{4E4C0BF7-7082-4DEB-A099-3117564A6F0E}.Release|Any CPU.ActiveCfg = Release|Any CPU
		{4E4C0BF7-7082-4DEB-A099-3117564A6F0E}.Release|Any CPU.Build.0 = Release|Any CPU
		{4E4C0BF7-7082-4DEB-A099-3117564A6F0E}.Release|x64.ActiveCfg = Release|Any CPU
		{4E4C0BF7-7082-4DEB-A099-3117564A6F0E}.Release|x64.Build.0 = Release|Any CPU
		{13DDD5F1-FC1A-4638-956A-CEA1FEA6DC70}.Debug|Any CPU.ActiveCfg = Debug|Any CPU
		{13DDD5F1-FC1A-4638-956A-CEA1FEA6DC70}.Debug|Any CPU.Build.0 = Debug|Any CPU
		{13DDD5F1-FC1A-4638-956A-CEA1FEA6DC70}.Debug|x64.ActiveCfg = Debug|Any CPU
		{13DDD5F1-FC1A-4638-956A-CEA1FEA6DC70}.Debug|x64.Build.0 = Debug|Any CPU
		{13DDD5F1-FC1A-4638-956A-CEA1FEA6DC70}.Release|Any CPU.ActiveCfg = Release|Any CPU
		{13DDD5F1-FC1A-4638-956A-CEA1FEA6DC70}.Release|Any CPU.Build.0 = Release|Any CPU
		{13DDD5F1-FC1A-4638-956A-CEA1FEA6DC70}.Release|x64.ActiveCfg = Release|Any CPU
		{13DDD5F1-FC1A-4638-956A-CEA1FEA6DC70}.Release|x64.Build.0 = Release|Any CPU
		{55A2B0B4-EC88-44E7-91EC-1C727E42BD86}.Debug|Any CPU.ActiveCfg = Debug|Any CPU
		{55A2B0B4-EC88-44E7-91EC-1C727E42BD86}.Debug|Any CPU.Build.0 = Debug|Any CPU
		{55A2B0B4-EC88-44E7-91EC-1C727E42BD86}.Debug|x64.ActiveCfg = Debug|x64
		{55A2B0B4-EC88-44E7-91EC-1C727E42BD86}.Debug|x64.Build.0 = Debug|x64
		{55A2B0B4-EC88-44E7-91EC-1C727E42BD86}.Release|Any CPU.ActiveCfg = Release|Any CPU
		{55A2B0B4-EC88-44E7-91EC-1C727E42BD86}.Release|Any CPU.Build.0 = Release|Any CPU
		{55A2B0B4-EC88-44E7-91EC-1C727E42BD86}.Release|x64.ActiveCfg = Release|x64
		{55A2B0B4-EC88-44E7-91EC-1C727E42BD86}.Release|x64.Build.0 = Release|x64
		{5FD6C53E-3383-43E9-A785-83D08680C47E}.Debug|Any CPU.ActiveCfg = Debug|Any CPU
		{5FD6C53E-3383-43E9-A785-83D08680C47E}.Debug|Any CPU.Build.0 = Debug|Any CPU
		{5FD6C53E-3383-43E9-A785-83D08680C47E}.Debug|x64.ActiveCfg = Debug|x64
		{5FD6C53E-3383-43E9-A785-83D08680C47E}.Debug|x64.Build.0 = Debug|x64
		{5FD6C53E-3383-43E9-A785-83D08680C47E}.Release|Any CPU.ActiveCfg = Release|Any CPU
		{5FD6C53E-3383-43E9-A785-83D08680C47E}.Release|Any CPU.Build.0 = Release|Any CPU
		{5FD6C53E-3383-43E9-A785-83D08680C47E}.Release|x64.ActiveCfg = Release|x64
		{5FD6C53E-3383-43E9-A785-83D08680C47E}.Release|x64.Build.0 = Release|x64
		{0EEF5649-F531-4C9C-B352-82CD8FC5EB8A}.Debug|Any CPU.ActiveCfg = Debug|Any CPU
		{0EEF5649-F531-4C9C-B352-82CD8FC5EB8A}.Debug|Any CPU.Build.0 = Debug|Any CPU
		{0EEF5649-F531-4C9C-B352-82CD8FC5EB8A}.Debug|x64.ActiveCfg = Debug|Any CPU
		{0EEF5649-F531-4C9C-B352-82CD8FC5EB8A}.Debug|x64.Build.0 = Debug|Any CPU
		{0EEF5649-F531-4C9C-B352-82CD8FC5EB8A}.Release|Any CPU.ActiveCfg = Release|Any CPU
		{0EEF5649-F531-4C9C-B352-82CD8FC5EB8A}.Release|Any CPU.Build.0 = Release|Any CPU
		{0EEF5649-F531-4C9C-B352-82CD8FC5EB8A}.Release|x64.ActiveCfg = Release|Any CPU
		{0EEF5649-F531-4C9C-B352-82CD8FC5EB8A}.Release|x64.Build.0 = Release|Any CPU
		{AE85ED01-31DB-4D02-9236-D953084FEAA7}.Debug|Any CPU.ActiveCfg = Debug|Any CPU
		{AE85ED01-31DB-4D02-9236-D953084FEAA7}.Debug|Any CPU.Build.0 = Debug|Any CPU
		{AE85ED01-31DB-4D02-9236-D953084FEAA7}.Debug|x64.ActiveCfg = Debug|Any CPU
		{AE85ED01-31DB-4D02-9236-D953084FEAA7}.Debug|x64.Build.0 = Debug|Any CPU
		{AE85ED01-31DB-4D02-9236-D953084FEAA7}.Release|Any CPU.ActiveCfg = Release|Any CPU
		{AE85ED01-31DB-4D02-9236-D953084FEAA7}.Release|Any CPU.Build.0 = Release|Any CPU
		{AE85ED01-31DB-4D02-9236-D953084FEAA7}.Release|x64.ActiveCfg = Release|Any CPU
		{AE85ED01-31DB-4D02-9236-D953084FEAA7}.Release|x64.Build.0 = Release|Any CPU
		{40AF77F2-470A-4E99-9ADC-B3F242315F20}.Debug|Any CPU.ActiveCfg = Debug|Any CPU
		{40AF77F2-470A-4E99-9ADC-B3F242315F20}.Debug|Any CPU.Build.0 = Debug|Any CPU
		{40AF77F2-470A-4E99-9ADC-B3F242315F20}.Debug|x64.ActiveCfg = Debug|Any CPU
		{40AF77F2-470A-4E99-9ADC-B3F242315F20}.Debug|x64.Build.0 = Debug|Any CPU
		{40AF77F2-470A-4E99-9ADC-B3F242315F20}.Release|Any CPU.ActiveCfg = Release|Any CPU
		{40AF77F2-470A-4E99-9ADC-B3F242315F20}.Release|Any CPU.Build.0 = Release|Any CPU
		{40AF77F2-470A-4E99-9ADC-B3F242315F20}.Release|x64.ActiveCfg = Release|Any CPU
		{40AF77F2-470A-4E99-9ADC-B3F242315F20}.Release|x64.Build.0 = Release|Any CPU
		{8B055F5B-9A00-4BAA-A32E-C97E8808838F}.Debug|Any CPU.ActiveCfg = Debug|Any CPU
		{8B055F5B-9A00-4BAA-A32E-C97E8808838F}.Debug|Any CPU.Build.0 = Debug|Any CPU
		{8B055F5B-9A00-4BAA-A32E-C97E8808838F}.Debug|x64.ActiveCfg = Debug|Any CPU
		{8B055F5B-9A00-4BAA-A32E-C97E8808838F}.Debug|x64.Build.0 = Debug|Any CPU
		{8B055F5B-9A00-4BAA-A32E-C97E8808838F}.Release|Any CPU.ActiveCfg = Release|Any CPU
		{8B055F5B-9A00-4BAA-A32E-C97E8808838F}.Release|Any CPU.Build.0 = Release|Any CPU
		{8B055F5B-9A00-4BAA-A32E-C97E8808838F}.Release|x64.ActiveCfg = Release|Any CPU
		{8B055F5B-9A00-4BAA-A32E-C97E8808838F}.Release|x64.Build.0 = Release|Any CPU
	EndGlobalSection
	GlobalSection(SolutionProperties) = preSolution
		HideSolutionNode = FALSE
	EndGlobalSection
	GlobalSection(NestedProjects) = preSolution
		{66C46EC8-03D7-48AD-ACE1-10CBA2E6F56B} = {826700E3-099F-48B7-8601-03E00AAD82B8}
		{A8333571-CF9F-4D31-AB7D-393F120F5062} = {BEDEE887-6601-434D-A73E-FF8B16D37D2F}
		{3977240F-94B5-44A2-BAAC-3D921ACBEAF7} = {A8333571-CF9F-4D31-AB7D-393F120F5062}
		{8E3FA6A0-6D9B-4FCF-9B4B-8B8DFD4C18A5} = {A8333571-CF9F-4D31-AB7D-393F120F5062}
		{60C4E641-A5D4-4135-892C-6B88493596FD} = {A8333571-CF9F-4D31-AB7D-393F120F5062}
		{DF6F3B61-C7B6-481E-8C87-73D690FE5686} = {A8333571-CF9F-4D31-AB7D-393F120F5062}
		{C3DBD393-19DE-4DEA-86AF-E5A24FA5FF4C} = {A8333571-CF9F-4D31-AB7D-393F120F5062}
		{03A7C6C3-B51F-4F13-9B06-A7C8123A5C22} = {A8333571-CF9F-4D31-AB7D-393F120F5062}
		{73F2938B-3E90-46F3-8806-3C963115BA3A} = {A8333571-CF9F-4D31-AB7D-393F120F5062}
		{D946F601-4543-4DD7-9E99-FF7F9490653B} = {A8333571-CF9F-4D31-AB7D-393F120F5062}
		{4E4C0BF7-7082-4DEB-A099-3117564A6F0E} = {A8333571-CF9F-4D31-AB7D-393F120F5062}
		{13DDD5F1-FC1A-4638-956A-CEA1FEA6DC70} = {A8333571-CF9F-4D31-AB7D-393F120F5062}
		{55A2B0B4-EC88-44E7-91EC-1C727E42BD86} = {A8333571-CF9F-4D31-AB7D-393F120F5062}
		{5FD6C53E-3383-43E9-A785-83D08680C47E} = {A8333571-CF9F-4D31-AB7D-393F120F5062}
		{93666DC7-EFDB-488E-929E-071BE22A1CE0} = {A8333571-CF9F-4D31-AB7D-393F120F5062}
		{EA268510-6096-44A8-A6CD-3A39473242CC} = {93666DC7-EFDB-488E-929E-071BE22A1CE0}
		{0EEF5649-F531-4C9C-B352-82CD8FC5EB8A} = {EA268510-6096-44A8-A6CD-3A39473242CC}
		{C20DAE42-A2BD-491A-BBD9-D603402EFCEA} = {93666DC7-EFDB-488E-929E-071BE22A1CE0}
		{AE85ED01-31DB-4D02-9236-D953084FEAA7} = {C20DAE42-A2BD-491A-BBD9-D603402EFCEA}
		{40AF77F2-470A-4E99-9ADC-B3F242315F20} = {A8333571-CF9F-4D31-AB7D-393F120F5062}
		{8B055F5B-9A00-4BAA-A32E-C97E8808838F} = {826700E3-099F-48B7-8601-03E00AAD82B8}
	EndGlobalSection
	GlobalSection(ExtensibilityGlobals) = postSolution
		SolutionGuid = {8EC69690-0422-4444-A746-12EAC1CA172D}
	EndGlobalSection
EndGlobal
