
Microsoft Visual Studio Solution File, Format Version 12.00
# Visual Studio Version 17
VisualStudioVersion = 17.9.34607.119
MinimumVisualStudioVersion = 10.0.40219.1
Project("{FAE04EC0-301F-11D3-BF4B-00C04F79EFBC}") = "CellularAutomaton.Core", "CellularAutomaton.Core\CellularAutomaton.Core.csproj", "{66C46EC8-03D7-48AD-ACE1-10CBA2E6F56B}"
EndProject
Global
	GlobalSection(SolutionConfigurationPlatforms) = preSolution
		Debug|Any CPU = Debug|Any CPU
		Release|Any CPU = Release|Any CPU
	EndGlobalSection
	GlobalSection(ProjectConfigurationPlatforms) = postSolution
		{66C46EC8-03D7-48AD-ACE1-10CBA2E6F56B}.Debug|Any CPU.ActiveCfg = Debug|Any CPU
		{66C46EC8-03D7-48AD-ACE1-10CBA2E6F56B}.Debug|Any CPU.Build.0 = Debug|Any CPU
		{66C46EC8-03D7-48AD-ACE1-10CBA2E6F56B}.Release|Any CPU.ActiveCfg = Release|Any CPU
		{66C46EC8-03D7-48AD-ACE1-10CBA2E6F56B}.Release|Any CPU.Build.0 = Release|Any CPU
	EndGlobalSection
	GlobalSection(SolutionProperties) = preSolution
		HideSolutionNode = FALSE
	EndGlobalSection
	GlobalSection(ExtensibilityGlobals) = postSolution
		SolutionGuid = {8EC69690-0422-4444-A746-12EAC1CA172D}
	EndGlobalSection
EndGlobal
